
Microsoft Visual Studio Solution File, Format Version 12.00
# Visual Studio 14
VisualStudioVersion = 14.0.23107.0
MinimumVisualStudioVersion = 10.0.40219.1
Project("{FAE04EC0-301F-11D3-BF4B-00C04F79EFBC}") = "CS-ASP_011if", "CS-ASP_011if\CS-ASP_011if.csproj", "{F75EFF96-1DEC-41A2-AD39-1E9006886ABE}"
EndProject
Global
	GlobalSection(SolutionConfigurationPlatforms) = preSolution
		Debug|Any CPU = Debug|Any CPU
		Release|Any CPU = Release|Any CPU
	EndGlobalSection
	GlobalSection(ProjectConfigurationPlatforms) = postSolution
		{F75EFF96-1DEC-41A2-AD39-1E9006886ABE}.Debug|Any CPU.ActiveCfg = Debug|Any CPU
		{F75EFF96-1DEC-41A2-AD39-1E9006886ABE}.Debug|Any CPU.Build.0 = Debug|Any CPU
		{F75EFF96-1DEC-41A2-AD39-1E9006886ABE}.Release|Any CPU.ActiveCfg = Release|Any CPU
		{F75EFF96-1DEC-41A2-AD39-1E9006886ABE}.Release|Any CPU.Build.0 = Release|Any CPU
	EndGlobalSection
	GlobalSection(SolutionProperties) = preSolution
		HideSolutionNode = FALSE
	EndGlobalSection
EndGlobal
